github.com/bep/npmtohugomodtestbench/alpinejs/anchor/v3 v3.0.0-20260603104132-b86c18668912 h1:a67DtPv3+uMB1Sz3Lu2wHQ2wMrOsRA6oNxge0NZ5vrA=
github.com/bep/npmtohugomodtestbench/alpinejs/anchor/v3 v3.0.0-20260603104132-b86c18668912/go.mod h1:J1VkKkPS5RShBZAwyghAMXEZi1pN2ODtpHWOdsNCqm0=
github.com/bep/npmtohugomodtestbench/alpinejs/collapse/v3 v3.0.0-20260603104132-b86c18668912 h1:9CtJ9LY5hKHk1+yGO7KdApFgVGrS0zBJT9r14DIFL4Y=
github.com/bep/npmtohugomodtestbench/alpinejs/collapse/v3 v3.0.0-20260603104132-b86c18668912/go.mod h1:Lkg/dcKUW2s/7K3YIVFG3nMaob4Ndw0iyxLLLdK7iic=
github.com/bep/npmtohugomodtestbench/alpinejs/focus/v3 v3.0.0-20260603104132-b86c18668912 h1:vXpjQKvxXjlEm01shusjENOcPEOmGkQFQB2RG2iuCNs=
github.com/bep/npmtohugomodtestbench/alpinejs/focus/v3 v3.0.0-20260603104132-b86c18668912/go.mod h1:ViuI7Hs/MZVweE9R3DCPVcHf/8FBf3lILdnOYFZ3uBM=
github.com/bep/npmtohugomodtestbench/alpinejs/intersect/v3 v3.0.0-20260603104132-b86c18668912 h1:xOmvJZZTQbpPNPc8HjjEIcpEtAP/bLG3DCDQKJamsno=
github.com/bep/npmtohugomodtestbench/alpinejs/intersect/v3 v3.0.0-20260603104132-b86c18668912/go.mod h1:gHgwmsUQkx7A2nknC//XBVCdyi8zyHfncOGyKUOyKtU=
github.com/bep/npmtohugomodtestbench/alpinejs/mask/v3 v3.0.0-20260603104132-b86c18668912 h1:sFKpv2HRT0YdQObnouQNcmhVL/Ll7Ql0bj+ts7YX1C0=
github.com/bep/npmtohugomodtestbench/alpinejs/mask/v3 v3.0.0-20260603104132-b86c18668912/go.mod h1:KwPQs52/JgO2DyBWEjtu3haiIwsSnu61loLxb0BenhE=
github.com/bep/npmtohugomodtestbench/alpinejs/morph/v3 v3.0.0-20260603104132-b86c18668912 h1:NkelbEdwJpg8WvswW048mCGVbMCBWVuIena0BgqojKk=
github.com/bep/npmtohugomodtestbench/alpinejs/morph/v3 v3.0.0-20260603104132-b86c18668912/go.mod h1:mLMIG7D5L9ZB85m/SdOO50peG/u3VUbHzVtOi3QhGBI=
github.com/bep/npmtohugomodtestbench/alpinejs/persist/v3 v3.0.0-20260603104132-b86c18668912 h1:BuOHUuTY0ZqMgbWs0oenH9BH1uCCxCsN6xpycwzKD2k=
github.com/bep/npmtohugomodtestbench/alpinejs/persist/v3 v3.0.0-20260603104132-b86c18668912/go.mod h1:IQFFH1Hpnb9deO+SIBzIgyKSldo6GuWvgTnQgdLWh74=
github.com/bep/npmtohugomodtestbench/alpinejs/resize/v3 v3.0.0-20260603104132-b86c18668912 h1:0453dK3Tp+rxQDuCvYB8yhzYSQp7ja+VfFPssripJbM=
github.com/bep/npmtohugomodtestbench/alpinejs/resize/v3 v3.0.0-20260603104132-b86c18668912/go.mod h1:huU43hdLZfTnzWSxFBmimBBRj0bTPxz2bgEvP58f9ds=
github.com/bep/npmtohugomodtestbench/alpinejs/sort/v3 v3.0.0-20260603104132-b86c18668912 h1:LrXKiLQdKwYz5E56pQEpNr3APRFYshVo0jQqvpLE5JY=
github.com/bep/npmtohugomodtestbench/alpinejs/sort/v3 v3.0.0-20260603104132-b86c18668912/go.mod h1:1yYKyJRfSbZplRLvO32mx5kFRo8R0a51DmRbPhX8FSM=
github.com/bep/npmtohugomodtestbench/alpinejs/v3 v3.0.0-20260603104132-b86c18668912 h1:X0rpMObRR6BRAeTiwn0OiXT3XkH+jE8wBDB5ZKgC0S0=
github.com/bep/npmtohugomodtestbench/alpinejs/v3 v3.0.0-20260603104132-b86c18668912/go.mod h1:1pSvwLz0YEXN9rU4dm5Ulc4NcK/IAzbx+YnQr4GAqbY=
github.com/bep/npmtohugomodtestbench/imacrayon/alpine-ajax v0.0.0-20260603104132-b86c18668912 h1:acB7WYObv9LjHDqtyqlt6cYiKo81ZSVrqT0u3eUUo4w=
github.com/bep/npmtohugomodtestbench/imacrayon/alpine-ajax v0.0.0-20260603104132-b86c18668912/go.mod h1:pkPQBkrzISQ5PGyRIXRPfDyAcWTGHnzDwxCmbIjFSqQ=
