github.com/gohugoio/hugo-mod-alpinejs/alpinejs/anchor/v3 v3.0.0-20260603160101-3bf59179c21c h1:ud9vZTFzSx8nyKGnSy3r6T+hqzskFimRb8EDvTKocY0=
github.com/gohugoio/hugo-mod-alpinejs/alpinejs/anchor/v3 v3.0.0-20260603160101-3bf59179c21c/go.mod h1:hdTI8gRHfuKr8vuhDmrZOGiJp5xS5LgpHJisMtkjImU=
github.com/gohugoio/hugo-mod-alpinejs/alpinejs/collapse/v3 v3.0.0-20260603160101-3bf59179c21c h1:rckFQtMQRfpRDco9ArOXjuV+jMQnj1UemG+Eh3y0Fjs=
github.com/gohugoio/hugo-mod-alpinejs/alpinejs/collapse/v3 v3.0.0-20260603160101-3bf59179c21c/go.mod h1:UNU21qhndjFWYKX/pkOf8e5YWyYUlcWFaWDAl4HKCvU=
github.com/gohugoio/hugo-mod-alpinejs/alpinejs/focus/v3 v3.0.0-20260603160101-3bf59179c21c h1:2alkRvjql6M8bp2FPnsMFNCj0ovPoNQIBlQiqpT+gYk=
github.com/gohugoio/hugo-mod-alpinejs/alpinejs/focus/v3 v3.0.0-20260603160101-3bf59179c21c/go.mod h1:+3GNt0Mo0QLpAyZbLt6eE6JE6RVoSfkOqm0IzD1Cd/I=
github.com/gohugoio/hugo-mod-alpinejs/alpinejs/intersect/v3 v3.0.0-20260603160101-3bf59179c21c h1:ACdf5iSBq8J6WpEtq3jfcFie8o7gW6sxJf0EDcCa7a0=
github.com/gohugoio/hugo-mod-alpinejs/alpinejs/intersect/v3 v3.0.0-20260603160101-3bf59179c21c/go.mod h1:jJscb8k0vY7rOgxs/PSmBJEegvzTY11B7WPL4MaAUdU=
github.com/gohugoio/hugo-mod-alpinejs/alpinejs/mask/v3 v3.0.0-20260603160101-3bf59179c21c h1:7U1U7yVTMFrewuH9jFq7ylkTjISa2OjtnGY2RhC++FU=
github.com/gohugoio/hugo-mod-alpinejs/alpinejs/mask/v3 v3.0.0-20260603160101-3bf59179c21c/go.mod h1:keQqSUDhyJI00u5fnXXNEACfrBuCvYvgpiHQjwqvQ1o=
github.com/gohugoio/hugo-mod-alpinejs/alpinejs/morph/v3 v3.0.0-20260603160101-3bf59179c21c h1:y3DqFsBkvi7gJPr4eLt1K38QJ6d0RrZb239qkJi7aus=
github.com/gohugoio/hugo-mod-alpinejs/alpinejs/morph/v3 v3.0.0-20260603160101-3bf59179c21c/go.mod h1:GHkaJ7cGPTktvwb9Xx+YfGhDdC3u6pz9g9ppo41X0gc=
github.com/gohugoio/hugo-mod-alpinejs/alpinejs/persist/v3 v3.0.0-20260603160101-3bf59179c21c h1:E8SWg/BmvMfLE9n3xfJdrnCM+k+tmxaD83OvdpqoOWI=
github.com/gohugoio/hugo-mod-alpinejs/alpinejs/persist/v3 v3.0.0-20260603160101-3bf59179c21c/go.mod h1:t37EdowYXH2JknnHfOPRg7ytET+NFZcNx8Na8IWyReo=
github.com/gohugoio/hugo-mod-alpinejs/alpinejs/resize/v3 v3.0.0-20260603160101-3bf59179c21c h1:qlGghUFXRp352HPWtDqzF1U8+i0q/1fgOSLkH95/ijI=
github.com/gohugoio/hugo-mod-alpinejs/alpinejs/resize/v3 v3.0.0-20260603160101-3bf59179c21c/go.mod h1:oPrO3LJwKPnlB+H4VIMMRUvAXH2JJiPLIvIhcT67PSE=
github.com/gohugoio/hugo-mod-alpinejs/alpinejs/sort/v3 v3.0.0-20260603160101-3bf59179c21c h1:8+nX2/J9Ox8QMmvn4ycYCUjM3Qhp/JG49tQaCshSh+Q=
github.com/gohugoio/hugo-mod-alpinejs/alpinejs/sort/v3 v3.0.0-20260603160101-3bf59179c21c/go.mod h1:W/IctZ+rnDs6VKKHBepSNzkIrNf+5Mveur2FwbdufRM=
github.com/gohugoio/hugo-mod-alpinejs/alpinejs/v3 v3.0.0-20260603160101-3bf59179c21c h1:frmJ2FG8HzoyCkurKv/jRnsABmYOoSJjP0sM2BQqVGc=
github.com/gohugoio/hugo-mod-alpinejs/alpinejs/v3 v3.0.0-20260603160101-3bf59179c21c/go.mod h1:xEqUm936UBbXJKrf8oueNjThBxtjvwjI8E6U118ntqI=
github.com/gohugoio/hugo-mod-alpinejs/imacrayon/alpine-ajax v0.0.0-20260603160101-3bf59179c21c h1:iCAeWZENmBY2c+ywUycfrbXMMxrgDWJkY5iqm6l9REs=
github.com/gohugoio/hugo-mod-alpinejs/imacrayon/alpine-ajax v0.0.0-20260603160101-3bf59179c21c/go.mod h1:lg4m0nxRQup+JoUEJRl0CPa8E9Zd3zrhYefMjn8mKdc=
