github.com/gohugoio/hugo-mod-alpinejs/alpinejs/anchor/v3 v3.0.0-20260603154452-534f19984669 h1:lJjYbKjVsaPr3Dwsd7lzTAWk2mMYRntsaquRGxuPFgk=
github.com/gohugoio/hugo-mod-alpinejs/alpinejs/anchor/v3 v3.0.0-20260603154452-534f19984669/go.mod h1:hdTI8gRHfuKr8vuhDmrZOGiJp5xS5LgpHJisMtkjImU=
github.com/gohugoio/hugo-mod-alpinejs/alpinejs/collapse/v3 v3.0.0-20260603154452-534f19984669 h1:MEgegbYtyuTCYmT52L+W4i55mxd9AqRLDomJYlacOkE=
github.com/gohugoio/hugo-mod-alpinejs/alpinejs/collapse/v3 v3.0.0-20260603154452-534f19984669/go.mod h1:UNU21qhndjFWYKX/pkOf8e5YWyYUlcWFaWDAl4HKCvU=
github.com/gohugoio/hugo-mod-alpinejs/alpinejs/focus/v3 v3.0.0-20260603154452-534f19984669 h1:bXLj7XXK2BTAY+m/6ZryddpRfli5FFGpmjgwNJdxkDw=
github.com/gohugoio/hugo-mod-alpinejs/alpinejs/focus/v3 v3.0.0-20260603154452-534f19984669/go.mod h1:+3GNt0Mo0QLpAyZbLt6eE6JE6RVoSfkOqm0IzD1Cd/I=
github.com/gohugoio/hugo-mod-alpinejs/alpinejs/intersect/v3 v3.0.0-20260603154452-534f19984669 h1:sHg6Ij7lLESSHxJKcdLo8QW3V/qKDGhMv6CcpNQo4Yg=
github.com/gohugoio/hugo-mod-alpinejs/alpinejs/intersect/v3 v3.0.0-20260603154452-534f19984669/go.mod h1:jJscb8k0vY7rOgxs/PSmBJEegvzTY11B7WPL4MaAUdU=
github.com/gohugoio/hugo-mod-alpinejs/alpinejs/mask/v3 v3.0.0-20260603154452-534f19984669 h1:MIQoMDIFuw1xHROxIsLW75Tw8Bmhy2/SSkxZ6N3eXqs=
github.com/gohugoio/hugo-mod-alpinejs/alpinejs/mask/v3 v3.0.0-20260603154452-534f19984669/go.mod h1:keQqSUDhyJI00u5fnXXNEACfrBuCvYvgpiHQjwqvQ1o=
github.com/gohugoio/hugo-mod-alpinejs/alpinejs/morph/v3 v3.0.0-20260603154452-534f19984669 h1:Or7dqlbhE9tOxsfKDk8NIJg6r0zkheHSCunDl31H3js=
github.com/gohugoio/hugo-mod-alpinejs/alpinejs/morph/v3 v3.0.0-20260603154452-534f19984669/go.mod h1:GHkaJ7cGPTktvwb9Xx+YfGhDdC3u6pz9g9ppo41X0gc=
github.com/gohugoio/hugo-mod-alpinejs/alpinejs/persist/v3 v3.0.0-20260603154452-534f19984669 h1:Hc36OQVCoD6Uf4oorMPw8NXDYFdUaFLQ8Wr1OBsVCHg=
github.com/gohugoio/hugo-mod-alpinejs/alpinejs/persist/v3 v3.0.0-20260603154452-534f19984669/go.mod h1:t37EdowYXH2JknnHfOPRg7ytET+NFZcNx8Na8IWyReo=
github.com/gohugoio/hugo-mod-alpinejs/alpinejs/resize/v3 v3.0.0-20260603154452-534f19984669 h1:+4pVKqLZ/HHenloYx2QkB7RbEPic4pbnf/qu6ygolk4=
github.com/gohugoio/hugo-mod-alpinejs/alpinejs/resize/v3 v3.0.0-20260603154452-534f19984669/go.mod h1:oPrO3LJwKPnlB+H4VIMMRUvAXH2JJiPLIvIhcT67PSE=
github.com/gohugoio/hugo-mod-alpinejs/alpinejs/sort/v3 v3.0.0-20260603154452-534f19984669 h1:5EssxUbXlml5jt/c9cNznYwZczLVfmDFvm/xssvLeV0=
github.com/gohugoio/hugo-mod-alpinejs/alpinejs/sort/v3 v3.0.0-20260603154452-534f19984669/go.mod h1:W/IctZ+rnDs6VKKHBepSNzkIrNf+5Mveur2FwbdufRM=
github.com/gohugoio/hugo-mod-alpinejs/alpinejs/v3 v3.0.0-20260603154452-534f19984669 h1:uLllMMyKMKCcIjjiK3ZexXKXxdyaDwg8qC5ulNxgM1c=
github.com/gohugoio/hugo-mod-alpinejs/alpinejs/v3 v3.0.0-20260603154452-534f19984669/go.mod h1:xEqUm936UBbXJKrf8oueNjThBxtjvwjI8E6U118ntqI=
github.com/gohugoio/hugo-mod-alpinejs/imacrayon/alpine-ajax v0.0.0-20260603154452-534f19984669 h1:A2Cyx921hFmgUYQP8st2M6beyjQ8OSgWZivCcWDcxeA=
github.com/gohugoio/hugo-mod-alpinejs/imacrayon/alpine-ajax v0.0.0-20260603154452-534f19984669/go.mod h1:lg4m0nxRQup+JoUEJRl0CPa8E9Zd3zrhYefMjn8mKdc=
